lockfileVersion: '9.0'

settings:
  autoInstallPeers: true
  excludeLinksFromLockfile: false

importers:

  .:
    dependencies:
      '@fontsource/roboto':
        specifier: ^5.2.5
        version: 5.2.5

packages:

  '@fontsource/roboto@5.2.5':
    resolution: {integrity: sha512-70r2UZ0raqLn5W+sPeKhqlf8wGvUXFWlofaDlcbt/S3d06+17gXKr3VNqDODB0I1ASme3dGT5OJj9NABt7OTZQ==}

snapshots:

  '@fontsource/roboto@5.2.5': {}
